// !$*UTF8*$!
{
	archiveVersion = 1;
	classes = {
	};
	objectVersion = 56;
	objects = {

/* Begin PBXBuildFile section */
		2A1B3C4D5E6F7890ABCD1234 /* CostEstimatorAppApp.swift in Sources */ = {isa = PBXBuildFile; fileRef = 2A1B3C4D5E6F7890ABCD1233 /* CostEstimatorAppApp.swift */; };
		2A1B3C4D5E6F7890ABCD1236 /* ContentView.swift in Sources */ = {isa = PBXBuildFile; fileRef = 2A1B3C4D5E6F7890ABCD1235 /* ContentView.swift */; };
		2A1B3C4D5E6F7890ABCD1238 /* Assets.xcassets in Resources */ = {isa = PBXBuildFile; fileRef = 2A1B3C4D5E6F7890ABCD1237 /* Assets.xcassets */; };
		2A1B3C4D5E6F7890ABCD123B /* Preview Assets.xcassets in Resources */ = {isa = PBXBuildFile; fileRef = 2A1B3C4D5E6F7890ABCD123A /* Preview Assets.xcassets */; };
		2A1B3C4D5E6F7890ABCD123D /* Persistence.swift in Sources */ = {isa = PBXBuildFile; fileRef = 2A1B3C4D5E6F7890ABCD123C /* Persistence.swift */; };
		2A1B3C4D5E6F7890ABCD1240 /* CostEstimatorApp.xcdatamodeld in Sources */ = {isa = PBXBuildFile; fileRef = 2A1B3C4D5E6F7890ABCD123E /* CostEstimatorApp.xcdatamodeld */; };
		2A1B3C4D5E6F7890ABCD1242 /* AuthenticationManager.swift in Sources */ = {isa = PBXBuildFile; fileRef = 2A1B3C4D5E6F7890ABCD1241 /* AuthenticationManager.swift */; };
		2A1B3C4D5E6F7890ABCD1244 /* SettingsManager.swift in Sources */ = {isa = PBXBuildFile; fileRef = 2A1B3C4D5E6F7890ABCD1243 /* SettingsManager.swift */; };
		2A1B3C4D5E6F7890ABCD1246 /* LoginView.swift in Sources */ = {isa = PBXBuildFile; fileRef = 2A1B3C4D5E6F7890ABCD1245 /* LoginView.swift */; };
		2A1B3C4D5E6F7890ABCD1248 /* MainContentView.swift in Sources */ = {isa = PBXBuildFile; fileRef = 2A1B3C4D5E6F7890ABCD1247 /* MainContentView.swift */; };
		2A1B3C4D5E6F7890ABCD124A /* DashboardView.swift in Sources */ = {isa = PBXBuildFile; fileRef = 2A1B3C4D5E6F7890ABCD1249 /* DashboardView.swift */; };
		2A1B3C4D5E6F7890ABCD124C /* CustomersView.swift in Sources */ = {isa = PBXBuildFile; fileRef = 2A1B3C4D5E6F7890ABCD124B /* CustomersView.swift */; };
		2A1B3C4D5E6F7890ABCD124E /* AddEditCustomerView.swift in Sources */ = {isa = PBXBuildFile; fileRef = 2A1B3C4D5E6F7890ABCD124D /* AddEditCustomerView.swift */; };
		2A1B3C4D5E6F7890ABCD1250 /* MaterialsView.swift in Sources */ = {isa = PBXBuildFile; fileRef = 2A1B3C4D5E6F7890ABCD124F /* MaterialsView.swift */; };
		2A1B3C4D5E6F7890ABCD1252 /* AddEditMaterialView.swift in Sources */ = {isa = PBXBuildFile; fileRef = 2A1B3C4D5E6F7890ABCD1251 /* AddEditMaterialView.swift */; };
		2A1B3C4D5E6F7890ABCD1254 /* BulkUploadView.swift in Sources */ = {isa = PBXBuildFile; fileRef = 2A1B3C4D5E6F7890ABCD1253 /* BulkUploadView.swift */; };
		2A1B3C4D5E6F7890ABCD1256 /* CSVTemplateView.swift in Sources */ = {isa = PBXBuildFile; fileRef = 2A1B3C4D5E6F7890ABCD1255 /* CSVTemplateView.swift */; };
		2A1B3C4D5E6F7890ABCD1258 /* ProjectsView.swift in Sources */ = {isa = PBXBuildFile; fileRef = 2A1B3C4D5E6F7890ABCD1257 /* ProjectsView.swift */; };
		2A1B3C4D5E6F7890ABCD125A /* QuotationsView.swift in Sources */ = {isa = PBXBuildFile; fileRef = 2A1B3C4D5E6F7890ABCD1259 /* QuotationsView.swift */; };
		2A1B3C4D5E6F7890ABCD125C /* ReportsView.swift in Sources */ = {isa = PBXBuildFile; fileRef = 2A1B3C4D5E6F7890ABCD125B /* ReportsView.swift */; };
		2A1B3C4D5E6F7890ABCD125E /* UsersView.swift in Sources */ = {isa = PBXBuildFile; fileRef = 2A1B3C4D5E6F7890ABCD125D /* UsersView.swift */; };
		2A1B3C4D5E6F7890ABCD1260 /* SettingsView.swift in Sources */ = {isa = PBXBuildFile; fileRef = 2A1B3C4D5E6F7890ABCD125F /* SettingsView.swift */; };
/* End PBXBuildFile section */

/* Begin PBXFileReference section */
		2A1B3C4D5E6F7890ABCD1230 /* CostEstimatorApp.app */ = {isa = PBXFileReference; explicitFileType = wrapper.application; includeInIndex = 0; path = CostEstimatorApp.app; sourceTree = BUILT_PRODUCTS_DIR; };
		2A1B3C4D5E6F7890ABCD1233 /* CostEstimatorAppApp.swift */ = {isa = PBXFileReference; lastKnownFileType = sourcecode.swift; path = CostEstimatorAppApp.swift; sourceTree = "<group>"; };
		2A1B3C4D5E6F7890ABCD1235 /* ContentView.swift */ = {isa = PBXFileReference; lastKnownFileType = sourcecode.swift; path = ContentView.swift; sourceTree = "<group>"; };
		2A1B3C4D5E6F7890ABCD1237 /* Assets.xcassets */ = {isa = PBXFileReference; lastKnownFileType = folder.assetcatalog; path = Assets.xcassets; sourceTree = "<group>"; };
		2A1B3C4D5E6F7890ABCD123A /* Preview Assets.xcassets */ = {isa = PBXFileReference; lastKnownFileType = folder.assetcatalog; path = "Preview Assets.xcassets"; sourceTree = "<group>"; };
		2A1B3C4D5E6F7890ABCD123C /* Persistence.swift */ = {isa = PBXFileReference; lastKnownFileType = sourcecode.swift; path = Persistence.swift; sourceTree = "<group>"; };
		2A1B3C4D5E6F7890ABCD123F /* CostEstimatorApp.xcdatamodel */ = {isa = PBXFileReference; lastKnownFileType = wrapper.xcdatamodel; path = CostEstimatorApp.xcdatamodel; sourceTree = "<group>"; };
		2A1B3C4D5E6F7890ABCD1231 /* CostEstimatorApp.entitlements */ = {isa = PBXFileReference; lastKnownFileType = text.plist.entitlements; path = CostEstimatorApp.entitlements; sourceTree = "<group>"; };
		2A1B3C4D5E6F7890ABCD1241 /* AuthenticationManager.swift */ = {isa = PBXFileReference; lastKnownFileType = sourcecode.swift; path = AuthenticationManager.swift; sourceTree = "<group>"; };
		2A1B3C4D5E6F7890ABCD1243 /* SettingsManager.swift */ = {isa = PBXFileReference; lastKnownFileType = sourcecode.swift; path = SettingsManager.swift; sourceTree = "<group>"; };
		2A1B3C4D5E6F7890ABCD1245 /* LoginView.swift */ = {isa = PBXFileReference; lastKnownFileType = sourcecode.swift; path = LoginView.swift; sourceTree = "<group>"; };
		2A1B3C4D5E6F7890ABCD1247 /* MainContentView.swift */ = {isa = PBXFileReference; lastKnownFileType = sourcecode.swift; path = MainContentView.swift; sourceTree = "<group>"; };
		2A1B3C4D5E6F7890ABCD1249 /* DashboardView.swift */ = {isa = PBXFileReference; lastKnownFileType = sourcecode.swift; path = DashboardView.swift; sourceTree = "<group>"; };
		2A1B3C4D5E6F7890ABCD124B /* CustomersView.swift */ = {isa = PBXFileReference; lastKnownFileType = sourcecode.swift; path = CustomersView.swift; sourceTree = "<group>"; };
		2A1B3C4D5E6F7890ABCD124D /* AddEditCustomerView.swift */ = {isa = PBXFileReference; lastKnownFileType = sourcecode.swift; path = AddEditCustomerView.swift; sourceTree = "<group>"; };
		2A1B3C4D5E6F7890ABCD124F /* MaterialsView.swift */ = {isa = PBXFileReference; lastKnownFileType = sourcecode.swift; path = MaterialsView.swift; sourceTree = "<group>"; };
		2A1B3C4D5E6F7890ABCD1251 /* AddEditMaterialView.swift */ = {isa = PBXFileReference; lastKnownFileType = sourcecode.swift; path = AddEditMaterialView.swift; sourceTree = "<group>"; };
		2A1B3C4D5E6F7890ABCD1253 /* BulkUploadView.swift */ = {isa = PBXFileReference; lastKnownFileType = sourcecode.swift; path = BulkUploadView.swift; sourceTree = "<group>"; };
		2A1B3C4D5E6F7890ABCD1255 /* CSVTemplateView.swift */ = {isa = PBXFileReference; lastKnownFileType = sourcecode.swift; path = CSVTemplateView.swift; sourceTree = "<group>"; };
		2A1B3C4D5E6F7890ABCD1257 /* ProjectsView.swift */ = {isa = PBXFileReference; lastKnownFileType = sourcecode.swift; path = ProjectsView.swift; sourceTree = "<group>"; };
		2A1B3C4D5E6F7890ABCD1259 /* QuotationsView.swift */ = {isa = PBXFileReference; lastKnownFileType = sourcecode.swift; path = QuotationsView.swift; sourceTree = "<group>"; };
		2A1B3C4D5E6F7890ABCD125B /* ReportsView.swift */ = {isa = PBXFileReference; lastKnownFileType = sourcecode.swift; path = ReportsView.swift; sourceTree = "<group>"; };
		2A1B3C4D5E6F7890ABCD125D /* UsersView.swift */ = {isa = PBXFileReference; lastKnownFileType = sourcecode.swift; path = UsersView.swift; sourceTree = "<group>"; };
		2A1B3C4D5E6F7890ABCD125F /* SettingsView.swift */ = {isa = PBXFileReference; lastKnownFileType = sourcecode.swift; path = SettingsView.swift; sourceTree = "<group>"; };
/* End PBXFileReference section */

/* Begin PBXFrameworksBuildPhase section */
		2A1B3C4D5E6F7890ABCD122D /* Frameworks */ = {
			isa = PBXFrameworksBuildPhase;
			buildActionMask = 2147483647;
			files = (
			);
			runOnlyForDeploymentPostprocessing = 0;
		};
/* End PBXFrameworksBuildPhase section */

/* Begin PBXGroup section */
		2A1B3C4D5E6F7890ABCD1227 = {
			isa = PBXGroup;
			children = (
				2A1B3C4D5E6F7890ABCD1232 /* CostEstimatorApp */,
				2A1B3C4D5E6F7890ABCD1231 /* Products */,
			);
			sourceTree = "<group>";
		};
		2A1B3C4D5E6F7890ABCD1231 /* Products */ = {
			isa = PBXGroup;
			children = (
				2A1B3C4D5E6F7890ABCD1230 /* CostEstimatorApp.app */,
			);
			name = Products;
			sourceTree = "<group>";
		};
		2A1B3C4D5E6F7890ABCD1232 /* CostEstimatorApp */ = {
			isa = PBXGroup;
			children = (
				2A1B3C4D5E6F7890ABCD1233 /* CostEstimatorAppApp.swift */,
				2A1B3C4D5E6F7890ABCD1235 /* ContentView.swift */,
				2A1B3C4D5E6F7890ABCD123C /* Persistence.swift */,
				2A1B3C4D5E6F7890ABCD1261 /* Models */,
				2A1B3C4D5E6F7890ABCD1262 /* Views */,
				2A1B3C4D5E6F7890ABCD1237 /* Assets.xcassets */,
				2A1B3C4D5E6F7890ABCD1231 /* CostEstimatorApp.entitlements */,
				2A1B3C4D5E6F7890ABCD123E /* CostEstimatorApp.xcdatamodeld */,
				2A1B3C4D5E6F7890ABCD1239 /* Preview Content */,
			);
			path = CostEstimatorApp;
			sourceTree = "<group>";
		};
		2A1B3C4D5E6F7890ABCD1239 /* Preview Content */ = {
			isa = PBXGroup;
			children = (
				2A1B3C4D5E6F7890ABCD123A /* Preview Assets.xcassets */,
			);
			path = "Preview Content";
			sourceTree = "<group>";
		};
		2A1B3C4D5E6F7890ABCD1261 /* Models */ = {
			isa = PBXGroup;
			children = (
				2A1B3C4D5E6F7890ABCD1241 /* AuthenticationManager.swift */,
				2A1B3C4D5E6F7890ABCD1243 /* SettingsManager.swift */,
			);
			path = Models;
			sourceTree = "<group>";
		};
		2A1B3C4D5E6F7890ABCD1262 /* Views */ = {
			isa = PBXGroup;
			children = (
				2A1B3C4D5E6F7890ABCD1245 /* LoginView.swift */,
				2A1B3C4D5E6F7890ABCD1247 /* MainContentView.swift */,
				2A1B3C4D5E6F7890ABCD1249 /* DashboardView.swift */,
				2A1B3C4D5E6F7890ABCD124B /* CustomersView.swift */,
				2A1B3C4D5E6F7890ABCD124D /* AddEditCustomerView.swift */,
				2A1B3C4D5E6F7890ABCD124F /* MaterialsView.swift */,
				2A1B3C4D5E6F7890ABCD1251 /* AddEditMaterialView.swift */,
				2A1B3C4D5E6F7890ABCD1253 /* BulkUploadView.swift */,
				2A1B3C4D5E6F7890ABCD1255 /* CSVTemplateView.swift */,
				2A1B3C4D5E6F7890ABCD1257 /* ProjectsView.swift */,
				2A1B3C4D5E6F7890ABCD1259 /* QuotationsView.swift */,
				2A1B3C4D5E6F7890ABCD125B /* ReportsView.swift */,
				2A1B3C4D5E6F7890ABCD125D /* UsersView.swift */,
				2A1B3C4D5E6F7890ABCD125F /* SettingsView.swift */,
			);
			path = Views;
			sourceTree = "<group>";
		};
/* End PBXGroup section */

/* Begin PBXNativeTarget section */
		2A1B3C4D5E6F7890ABCD122F /* CostEstimatorApp */ = {
			isa = PBXNativeTarget;
			buildConfigurationList = 2A1B3C4D5E6F7890ABCD1263 /* Build configuration list for PBXNativeTarget "CostEstimatorApp" */;
			buildPhases = (
				2A1B3C4D5E6F7890ABCD122C /* Sources */,
				2A1B3C4D5E6F7890ABCD122D /* Frameworks */,
				2A1B3C4D5E6F7890ABCD122E /* Resources */,
			);
			buildRules = (
			);
			dependencies = (
			);
			name = CostEstimatorApp;
			productName = CostEstimatorApp;
			productReference = 2A1B3C4D5E6F7890ABCD1230 /* CostEstimatorApp.app */;
			productType = "com.apple.product-type.application";
		};
/* End PBXNativeTarget section */

/* Begin PBXProject section */
		2A1B3C4D5E6F7890ABCD1228 /* Project object */ = {
			isa = PBXProject;
			attributes = {
				BuildIndependentTargetsInParallel = 1;
				LastSwiftUpdateCheck = 1500;
				LastUpgradeCheck = 1500;
				TargetAttributes = {
					2A1B3C4D5E6F7890ABCD122F = {
						CreatedOnToolsVersion = 15.0;
					};
				};
			};
			buildConfigurationList = 2A1B3C4D5E6F7890ABCD122B /* Build configuration list for PBXProject "CostEstimatorApp" */;
			compatibilityVersion = "Xcode 14.0";
			developmentRegion = en;
			hasScannedForEncodings = 0;
			knownRegions = (
				en,
				Base,
			);
			mainGroup = 2A1B3C4D5E6F7890ABCD1227;
			productRefGroup = 2A1B3C4D5E6F7890ABCD1231 /* Products */;
			projectDirPath = "";
			projectRoot = "";
			targets = (
				2A1B3C4D5E6F7890ABCD122F /* CostEstimatorApp */,
			);
		};
/* End PBXProject section */

/* Begin PBXResourcesBuildPhase section */
		2A1B3C4D5E6F7890ABCD122E /* Resources */ = {
			isa = PBXResourcesBuildPhase;
			buildActionMask = 2147483647;
			files = (
				2A1B3C4D5E6F7890ABCD123B /* Preview Assets.xcassets in Resources */,
				2A1B3C4D5E6F7890ABCD1238 /* Assets.xcassets in Resources */,
			);
			runOnlyForDeploymentPostprocessing = 0;
		};
/* End PBXResourcesBuildPhase section */

/* Begin PBXSourcesBuildPhase section */
		2A1B3C4D5E6F7890ABCD122C /* Sources */ = {
			isa = PBXSourcesBuildPhase;
			buildActionMask = 2147483647;
			files = (
				2A1B3C4D5E6F7890ABCD123D /* Persistence.swift in Sources */,
				2A1B3C4D5E6F7890ABCD1236 /* ContentView.swift in Sources */,
				2A1B3C4D5E6F7890ABCD1234 /* CostEstimatorAppApp.swift in Sources */,
				2A1B3C4D5E6F7890ABCD1240 /* CostEstimatorApp.xcdatamodeld in Sources */,
				2A1B3C4D5E6F7890ABCD1242 /* AuthenticationManager.swift in Sources */,
				2A1B3C4D5E6F7890ABCD1244 /* SettingsManager.swift in Sources */,
				2A1B3C4D5E6F7890ABCD1246 /* LoginView.swift in Sources */,
				2A1B3C4D5E6F7890ABCD1248 /* MainContentView.swift in Sources */,
				2A1B3C4D5E6F7890ABCD124A /* DashboardView.swift in Sources */,
				2A1B3C4D5E6F7890ABCD124C /* CustomersView.swift in Sources */,
				2A1B3C4D5E6F7890ABCD124E /* AddEditCustomerView.swift in Sources */,
				2A1B3C4D5E6F7890ABCD1250 /* MaterialsView.swift in Sources */,
				2A1B3C4D5E6F7890ABCD1252 /* AddEditMaterialView.swift in Sources */,
				2A1B3C4D5E6F7890ABCD1254 /* BulkUploadView.swift in Sources */,
				2A1B3C4D5E6F7890ABCD1256 /* CSVTemplateView.swift in Sources */,
				2A1B3C4D5E6F7890ABCD1258 /* ProjectsView.swift in Sources */,
				2A1B3C4D5E6F7890ABCD125A /* QuotationsView.swift in Sources */,
				2A1B3C4D5E6F7890ABCD125C /* ReportsView.swift in Sources */,
				2A1B3C4D5E6F7890ABCD125E /* UsersView.swift in Sources */,
				2A1B3C4D5E6F7890ABCD1260 /* SettingsView.swift in Sources */,
			);
			runOnlyForDeploymentPostprocessing = 0;
		};
/* End PBXSourcesBuildPhase section */

/* Begin XCBuildConfiguration section */
		2A1B3C4D5E6F7890ABCD1264 /* Debug */ = {
			isa = XCBuildConfiguration;
			buildSettings = {
				ALWAYS_SEARCH_USER_PATHS = NO;
				ASSETCATALOG_COMPILER_GENERATE_SWIFT_ASSET_SYMBOL_EXTENSIONS = YES;
				CLANG_ANALYZER_NONNULL = YES;
				CLANG_ANALYZER_NUMBER_OBJECT_CONVERSION = YES_AGGRESSIVE;
				CLANG_CXX_LANGUAGE_STANDARD = "gnu++20";
				CLANG_ENABLE_MODULES = YES;
				CLANG_ENABLE_OBJC_ARC = YES;
				CLANG_ENABLE_OBJC_WEAK = YES;
				CLANG_WARN_BLOCK_CAPTURE_AUTORELEASING = YES;
				CLANG_WARN_BOOL_CONVERSION = YES;
				CLANG_WARN_COMMA = YES;
				CLANG_WARN_CONSTANT_CONVERSION = YES;
				CLANG_WARN_DEPRECATED_OBJC_IMPLEMENTATIONS = YES;
				CLANG_WARN_DIRECT_OBJC_ISA_USAGE = YES_ERROR;
				CLANG_WARN_DOCUMENTATION_COMMENTS = YES;
				CLANG_WARN_EMPTY_BODY = YES;
				CLANG_WARN_ENUM_CONVERSION = YES;
				CLANG_WARN_INFINITE_RECURSION = YES;
				CLANG_WARN_INT_CONVERSION = YES;
				CLANG_WARN_NON_LITERAL_NULL_CONVERSION = YES;
				CLANG_WARN_OBJC_IMPLICIT_RETAIN_SELF = YES;
				CLANG_WARN_OBJC_LITERAL_CONVERSION = YES;
				CLANG_WARN_OBJC_ROOT_CLASS = YES_ERROR;
				CLANG_WARN_QUOTED_INCLUDE_IN_FRAMEWORK_HEADER = YES;
				CLANG_WARN_RANGE_LOOP_ANALYSIS = YES;
				CLANG_WARN_STRICT_PROTOTYPES = YES;
				CLANG_WARN_SUSPICIOUS_MOVE = YES;
				CLANG_WARN_UNGUARDED_AVAILABILITY = YES_AGGRESSIVE;
				CLANG_WARN_UNREACHABLE_CODE = YES;
				CLANG_WARN__DUPLICATE_METHOD_MATCH = YES;
				COPY_PHASE_STRIP = NO;
				DEBUG_INFORMATION_FORMAT = dwarf;
				ENABLE_STRICT_OBJC_MSGSEND = YES;
				ENABLE_TESTABILITY = YES;
				ENABLE_USER_SCRIPT_SANDBOXING = YES;
				GCC_C_LANGUAGE_STANDARD = gnu17;
				GCC_DYNAMIC_NO_PIC = NO;
				GCC_NO_COMMON_BLOCKS = YES;
				GCC_OPTIMIZATION_LEVEL = 0;
				GCC_PREPROCESSOR_DEFINITIONS = (
					"DEBUG=1",
					"$(inherited)",
				);
				GCC_WARN_64_TO_32_BIT_CONVERSION = YES;
				GCC_WARN_ABOUT_RETURN_TYPE = YES_ERROR;
				GCC_WARN_UNDECLARED_SELECTOR = YES;
				GCC_WARN_UNINITIALIZED_AUTOS = YES_AGGRESSIVE;
				GCC_WARN_UNUSED_FUNCTION = YES;
				GCC_WARN_UNUSED_VARIABLE = YES;
				LOCALIZATION_PREFERS_STRING_CATALOGS = YES;
				MACOSX_DEPLOYMENT_TARGET = 14.0;
				MTL_ENABLE_DEBUG_INFO = INCLUDE_SOURCE;
				MTL_FAST_MATH = YES;
				ONLY_ACTIVE_ARCH = YES;
				SDKROOT = macosx;
				SWIFT_ACTIVE_COMPILATION_CONDITIONS = "DEBUG $(inherited)";
				SWIFT_OPTIMIZATION_LEVEL = "-Onone";
			};
			name = Debug;
		};
		2A1B3C4D5E6F7890ABCD1265 /* Release */ = {
			isa = XCBuildConfiguration;
			buildSettings = {
				ALWAYS_SEARCH_USER_PATHS = NO;
				ASSETCATALOG_COMPILER_GENERATE_SWIFT_ASSET_SYMBOL_EXTENSIONS = YES;
				CLANG_ANALYZER_NONNULL = YES;
				CLANG_ANALYZER_NUMBER_OBJECT_CONVERSION = YES_AGGRESSIVE;
				CLANG_CXX_LANGUAGE_STANDARD = "gnu++20";
				CLANG_ENABLE_MODULES = YES;
				CLANG_ENABLE_OBJC_ARC = YES;
				CLANG_ENABLE_OBJC_WEAK = YES;
				CLANG_WARN_BLOCK_CAPTURE_AUTORELEASING = YES;
				CLANG_WARN_BOOL_CONVERSION = YES;
				CLANG_WARN_COMMA = YES;
				CLANG_WARN_CONSTANT_CONVERSION = YES;
				CLANG_WARN_DEPRECATED_OBJC_IMPLEMENTATIONS = YES;
				CLANG_WARN_DIRECT_OBJC_ISA_USAGE = YES_ERROR;
				CLANG_WARN_DOCUMENTATION_COMMENTS = YES;
				CLANG_WARN_EMPTY_BODY = YES;
				CLANG_WARN_ENUM_CONVERSION = YES;
				CLANG_WARN_INFINITE_RECURSION = YES;
				CLANG_WARN_INT_CONVERSION = YES;
				CLANG_WARN_NON_LITERAL_NULL_CONVERSION = YES;
				CLANG_WARN_OBJC_IMPLICIT_RETAIN_SELF = YES;
				CLANG_WARN_OBJC_LITERAL_CONVERSION = YES;
				CLANG_WARN_OBJC_ROOT_CLASS = YES_ERROR;
				CLANG_WARN_QUOTED_INCLUDE_IN_FRAMEWORK_HEADER = YES;
				CLANG_WARN_RANGE_LOOP_ANALYSIS = YES;
				CLANG_WARN_STRICT_PROTOTYPES = YES;
				CLANG_WARN_SUSPICIOUS_MOVE = YES;
				CLANG_WARN_UNGUARDED_AVAILABILITY = YES_AGGRESSIVE;
				CLANG_WARN_UNREACHABLE_CODE = YES;
				CLANG_WARN__DUPLICATE_METHOD_MATCH = YES;
				COPY_PHASE_STRIP = NO;
				DEBUG_INFORMATION_FORMAT = "dwarf-with-dsym";
				ENABLE_NS_ASSERTIONS = NO;
				ENABLE_STRICT_OBJC_MSGSEND = YES;
				ENABLE_USER_SCRIPT_SANDBOXING = YES;
				GCC_C_LANGUAGE_STANDARD = gnu17;
				GCC_NO_COMMON_BLOCKS = YES;
				GCC_WARN_64_TO_32_BIT_CONVERSION = YES;
				GCC_WARN_ABOUT_RETURN_TYPE = YES_ERROR;
				GCC_WARN_UNDECLARED_SELECTOR = YES;
				GCC_WARN_UNINITIALIZED_AUTOS = YES_AGGRESSIVE;
				GCC_WARN_UNUSED_FUNCTION = YES;
				GCC_WARN_UNUSED_VARIABLE = YES;
				LOCALIZATION_PREFERS_STRING_CATALOGS = YES;
				MACOSX_DEPLOYMENT_TARGET = 14.0;
				MTL_ENABLE_DEBUG_INFO = NO;
				MTL_FAST_MATH = YES;
				SDKROOT = macosx;
				SWIFT_COMPILATION_MODE = wholemodule;
			};
			name = Release;
		};
		2A1B3C4D5E6F7890ABCD1266 /* Debug */ = {
			isa = XCBuildConfiguration;
			buildSettings = {
				ASSETCATALOG_COMPILER_APPICON_NAME = AppIcon;
				ASSETCATALOG_COMPILER_GLOBAL_ACCENT_COLOR_NAME = AccentColor;
				CODE_SIGN_ENTITLEMENTS = CostEstimatorApp/CostEstimatorApp.entitlements;
				CODE_SIGN_STYLE = Automatic;
				COMBINE_HIDPI_IMAGES = YES;
				CURRENT_PROJECT_VERSION = 1;
				DEVELOPMENT_ASSET_PATHS = "\"CostEstimatorApp/Preview Content\"";
				ENABLE_PREVIEWS = YES;
				GENERATE_INFOPLIST_FILE = YES;
				INFOPLIST_KEY_NSHumanReadableCopyright = "";
				LD_RUNPATH_SEARCH_PATHS = (
					"$(inherited)",
					"@executable_path/../Frameworks",
				);
				MARKETING_VERSION = 1.0;
				PRODUCT_BUNDLE_IDENTIFIER = com.zestotech.CostEstimatorApp;
				PRODUCT_NAME = "$(TARGET_NAME)";
				SWIFT_EMIT_LOC_STRINGS = YES;
				SWIFT_VERSION = 5.0;
			};
			name = Debug;
		};
		2A1B3C4D5E6F7890ABCD1267 /* Release */ = {
			isa = XCBuildConfiguration;
			buildSettings = {
				ASSETCATALOG_COMPILER_APPICON_NAME = AppIcon;
				ASSETCATALOG_COMPILER_GLOBAL_ACCENT_COLOR_NAME = AccentColor;
				CODE_SIGN_ENTITLEMENTS = CostEstimatorApp/CostEstimatorApp.entitlements;
				CODE_SIGN_STYLE = Automatic;
				COMBINE_HIDPI_IMAGES = YES;
				CURRENT_PROJECT_VERSION = 1;
				DEVELOPMENT_ASSET_PATHS = "\"CostEstimatorApp/Preview Content\"";
				ENABLE_PREVIEWS = YES;
				GENERATE_INFOPLIST_FILE = YES;
				INFOPLIST_KEY_NSHumanReadableCopyright = "";
				LD_RUNPATH_SEARCH_PATHS = (
					"$(inherited)",
					"@executable_path/../Frameworks",
				);
				MARKETING_VERSION = 1.0;
				PRODUCT_BUNDLE_IDENTIFIER = com.zestotech.CostEstimatorApp;
				PRODUCT_NAME = "$(TARGET_NAME)";
				SWIFT_EMIT_LOC_STRINGS = YES;
				SWIFT_VERSION = 5.0;
			};
			name = Release;
		};
/* End XCBuildConfiguration section */

/* Begin XCConfigurationList section */
		2A1B3C4D5E6F7890ABCD122B /* Build configuration list for PBXProject "CostEstimatorApp" */ = {
			isa = XCConfigurationList;
			buildConfigurations = (
				2A1B3C4D5E6F7890ABCD1264 /* Debug */,
				2A1B3C4D5E6F7890ABCD1265 /* Release */,
			);
			defaultConfigurationIsVisible = 0;
			defaultConfigurationName = Release;
		};
		2A1B3C4D5E6F7890ABCD1263 /* Build configuration list for PBXNativeTarget "CostEstimatorApp" */ = {
			isa = XCConfigurationList;
			buildConfigurations = (
				2A1B3C4D5E6F7890ABCD1266 /* Debug */,
				2A1B3C4D5E6F7890ABCD1267 /* Release */,
			);
			defaultConfigurationIsVisible = 0;
			defaultConfigurationName = Release;
		};
/* End XCConfigurationList section */

/* Begin XCVersionGroup section */
		2A1B3C4D5E6F7890ABCD123E /* CostEstimatorApp.xcdatamodeld */ = {
			isa = XCVersionGroup;
			children = (
				2A1B3C4D5E6F7890ABCD123F /* CostEstimatorApp.xcdatamodel */,
			);
			currentVersion = 2A1B3C4D5E6F7890ABCD123F /* CostEstimatorApp.xcdatamodel */;
			path = CostEstimatorApp.xcdatamodeld;
			sourceTree = "<group>";
			versionGroupType = wrapper.xcdatamodel;
		};
/* End XCVersionGroup section */
	};
	rootObject = 2A1B3C4D5E6F7890ABCD1228 /* Project object */;
}